// !$*UTF8*$!
{
	archiveVersion = 1;
	classes = {
	};
	objectVersion = 46;
	objects = {

/* Begin PBXBuildFile section */
		861A1B3E199072790003B5DC /* BTXBroadcastBuffer.m in Sources */ = {isa = PBXBuildFile; fileRef = 861A1B3D199072790003B5DC /* BTXBroadcastBuffer.m */; };
		861CD5571997CB5000730F50 /* BTXReceiveBuffer.m in Sources */ = {isa = PBXBuildFile; fileRef = 861CD5561997CB5000730F50 /* BTXReceiveBuffer.m */; };
		863A55DC19A56A6700E697EA /* BTXChannelTableViewController.m in Sources */ = {isa = PBXBuildFile; fileRef = 863A55DB19A56A6700E697EA /* BTXChannelTableViewController.m */; };
		863A55DF19A56E1400E697EA /* BTXNavigationController.m in Sources */ = {isa = PBXBuildFile; fileRef = 863A55DE19A56E1400E697EA /* BTXNavigationController.m */; };
		863A55E219A5712100E697EA /* BTXProfileViewController.m in Sources */ = {isa = PBXBuildFile; fileRef = 863A55E119A5712100E697EA /* BTXProfileViewController.m */; };
		86630ACE19A99B3800C251F8 /* BTXPayloadWrapper.m in Sources */ = {isa = PBXBuildFile; fileRef = 86630ACD19A99B3800C251F8 /* BTXPayloadWrapper.m */; };
		869D8A5119A920000001A61E /* BTXPeerTableViewCell.m in Sources */ = {isa = PBXBuildFile; fileRef = 869D8A4F19A920000001A61E /* BTXPeerTableViewCell.m */; };
		869D8A5219A920000001A61E /* BTXPeerTableViewCell.xib in Resources */ = {isa = PBXBuildFile; fileRef = 869D8A5019A920000001A61E /* BTXPeerTableViewCell.xib */; };
		869D8A5519A941980001A61E /* BTXTabBarViewController.m in Sources */ = {isa = PBXBuildFile; fileRef = 869D8A5419A941980001A61E /* BTXTabBarViewController.m */; };
		86A75BE319859333003178EF /* Foundation.framework in Frameworks */ = {isa = PBXBuildFile; fileRef = 86A75BE219859333003178EF /* Foundation.framework */; };
		86A75BE519859333003178EF /* CoreGraphics.framework in Frameworks */ = {isa = PBXBuildFile; fileRef = 86A75BE419859333003178EF /* CoreGraphics.framework */; };
		86A75BE719859333003178EF /* UIKit.framework in Frameworks */ = {isa = PBXBuildFile; fileRef = 86A75BE619859333003178EF /* UIKit.framework */; };
		86A75BED19859333003178EF /* InfoPlist.strings in Resources */ = {isa = PBXBuildFile; fileRef = 86A75BEB19859333003178EF /* InfoPlist.strings */; };
		86A75BEF19859333003178EF /* main.m in Sources */ = {isa = PBXBuildFile; fileRef = 86A75BEE19859333003178EF /* main.m */; };
		86A75BF319859333003178EF /* BTXAppDelegate.m in Sources */ = {isa = PBXBuildFile; fileRef = 86A75BF219859333003178EF /* BTXAppDelegate.m */; };
		86A75BF619859333003178EF /* Main.storyboard in Resources */ = {isa = PBXBuildFile; fileRef = 86A75BF419859333003178EF /* Main.storyboard */; };
		86A75BF919859333003178EF /* BTXViewController.m in Sources */ = {isa = PBXBuildFile; fileRef = 86A75BF819859333003178EF /* BTXViewController.m */; };
		86A75BFB19859333003178EF /* Images.xcassets in Resources */ = {isa = PBXBuildFile; fileRef = 86A75BFA19859333003178EF /* Images.xcassets */; };
		86A75C0219859333003178EF /* XCTest.framework in Frameworks */ = {isa = PBXBuildFile; fileRef = 86A75C0119859333003178EF /* XCTest.framework */; };
		86A75C0319859333003178EF /* Foundation.framework in Frameworks */ = {isa = PBXBuildFile; fileRef = 86A75BE219859333003178EF /* Foundation.framework */; };
		86A75C0419859333003178EF /* UIKit.framework in Frameworks */ = {isa = PBXBuildFile; fileRef = 86A75BE619859333003178EF /* UIKit.framework */; };
		86A75C0C19859333003178EF /* InfoPlist.strings in Resources */ = {isa = PBXBuildFile; fileRef = 86A75C0A19859333003178EF /* InfoPlist.strings */; };
		86A75C0E19859333003178EF /* BlueTeethTests.m in Sources */ = {isa = PBXBuildFile; fileRef = 86A75C0D19859333003178EF /* BlueTeethTests.m */; };
		86A75CA2198594C6003178EF /* BTXPeripheralManager.m in Sources */ = {isa = PBXBuildFile; fileRef = 86A75CA1198594C6003178EF /* BTXPeripheralManager.m */; };
		86A75CA5198596EC003178EF /* BTXCentralManager.m in Sources */ = {isa = PBXBuildFile; fileRef = 86A75CA4198596EC003178EF /* BTXCentralManager.m */; };
		86A75CAC1985C0DC003178EF /* BTXClientServer.m in Sources */ = {isa = PBXBuildFile; fileRef = 86A75CAB1985C0DC003178EF /* BTXClientServer.m */; };
		86B705651991BA8300ED0B0E /* BTXGroupedBroadcastBuffer.m in Sources */ = {isa = PBXBuildFile; fileRef = 86B705641991BA8300ED0B0E /* BTXGroupedBroadcastBuffer.m */; };
		86DC9048198DC1E500086DA8 /* BTXNode.m in Sources */ = {isa = PBXBuildFile; fileRef = 86DC9047198DC1E500086DA8 /* BTXNode.m */; };
		86DC904B198DC4A200086DA8 /* BTXMeshClient.m in Sources */ = {isa = PBXBuildFile; fileRef = 86DC904A198DC4A200086DA8 /* BTXMeshClient.m */; };
		86DC904E198DD84A00086DA8 /* BTXPayload.m in Sources */ = {isa = PBXBuildFile; fileRef = 86DC904D198DD84A00086DA8 /* BTXPayload.m */; };
		86F66F1B199EE68600A74A00 /* BTXChatViewController.m in Sources */ = {isa = PBXBuildFile; fileRef = 86F66F1A199EE68600A74A00 /* BTXChatViewController.m */; };
		9B5B21EECC1B42F4988FE7DA /* libPods-BlueTeeth.a in Frameworks */ = {isa = PBXBuildFile; fileRef = 8EE38F24608C4CB8BA956339 /* libPods-BlueTeeth.a */; };
/* End PBXBuildFile section */

/* Begin PBXContainerItemProxy section */
		86A75C0519859333003178EF /* PBXContainerItemProxy */ = {
			isa = PBXContainerItemProxy;
			containerPortal = 86A75BD719859333003178EF /* Project object */;
			proxyType = 1;
			remoteGlobalIDString = 86A75BDE19859333003178EF;
			remoteInfo = BlueTeeth;
		};
/* End PBXContainerItemProxy section */

/* Begin PBXFileReference section */
		16EA922D3C564B72B828AA14 /* Pods-BlueTeeth.xcconfig */ = {isa = PBXFileReference; includeInIndex = 1; lastKnownFileType = text.xcconfig; name = "Pods-BlueTeeth.xcconfig"; path = "Pods/Pods-BlueTeeth.xcconfig"; sourceTree = "<group>"; };
		86151CBC199C480600D7E635 /* BTXPayloadType.h */ = {isa = PBXFileReference; fileEncoding = 4; lastKnownFileType = sourcecode.c.h; path = BTXPayloadType.h; sourceTree = "<group>"; };
		861A1B3C199072790003B5DC /* BTXBroadcastBuffer.h */ = {isa = PBXFileReference; fileEncoding = 4; lastKnownFileType = sourcecode.c.h; path = BTXBroadcastBuffer.h; sourceTree = "<group>"; };
		861A1B3D199072790003B5DC /* BTXBroadcastBuffer.m */ = {isa = PBXFileReference; fileEncoding = 4; lastKnownFileType = sourcecode.c.objc; path = BTXBroadcastBuffer.m; sourceTree = "<group>"; };
		861CD5551997CB5000730F50 /* BTXReceiveBuffer.h */ = {isa = PBXFileReference; fileEncoding = 4; lastKnownFileType = sourcecode.c.h; path = BTXReceiveBuffer.h; sourceTree = "<group>"; };
		861CD5561997CB5000730F50 /* BTXReceiveBuffer.m */ = {isa = PBXFileReference; fileEncoding = 4; lastKnownFileType = sourcecode.c.objc; path = BTXReceiveBuffer.m; sourceTree = "<group>"; };
		861CD55B1997D2ED00730F50 /* BTXCSDelegate.h */ = {isa = PBXFileReference; fileEncoding = 4; lastKnownFileType = sourcecode.c.h; path = BTXCSDelegate.h; sourceTree = "<group>"; };
		8628105919A41EAE0025245E /* BTXMeshDelegate.h */ = {isa = PBXFileReference; lastKnownFileType = sourcecode.c.h; path = BTXMeshDelegate.h; sourceTree = "<group>"; };
		863A55DA19A56A6700E697EA /* BTXChannelTableViewController.h */ = {isa = PBXFileReference; fileEncoding = 4; lastKnownFileType = sourcecode.c.h; path = BTXChannelTableViewController.h; sourceTree = "<group>"; };
		863A55DB19A56A6700E697EA /* BTXChannelTableViewController.m */ = {isa = PBXFileReference; fileEncoding = 4; lastKnownFileType = sourcecode.c.objc; path = BTXChannelTableViewController.m; sourceTree = "<group>"; };
		863A55DD19A56E1400E697EA /* BTXNavigationController.h */ = {isa = PBXFileReference; fileEncoding = 4; lastKnownFileType = sourcecode.c.h; path = BTXNavigationController.h; sourceTree = "<group>"; };
		863A55DE19A56E1400E697EA /* BTXNavigationController.m */ = {isa = PBXFileReference; fileEncoding = 4; lastKnownFileType = sourcecode.c.objc; path = BTXNavigationController.m; sourceTree = "<group>"; };
		863A55E019A5712100E697EA /* BTXProfileViewController.h */ = {isa = PBXFileReference; fileEncoding = 4; lastKnownFileType = sourcecode.c.h; path = BTXProfileViewController.h; sourceTree = "<group>"; };
		863A55E119A5712100E697EA /* BTXProfileViewController.m */ = {isa = PBXFileReference; fileEncoding = 4; lastKnownFileType = sourcecode.c.objc; path = BTXProfileViewController.m; sourceTree = "<group>"; };
		86630ACC19A99B3800C251F8 /* BTXPayloadWrapper.h */ = {isa = PBXFileReference; fileEncoding = 4; lastKnownFileType = sourcecode.c.h; path = BTXPayloadWrapper.h; sourceTree = "<group>"; };
		86630ACD19A99B3800C251F8 /* BTXPayloadWrapper.m */ = {isa = PBXFileReference; fileEncoding = 4; lastKnownFileType = sourcecode.c.objc; path = BTXPayloadWrapper.m; sourceTree = "<group>"; };
		869D8A4E19A920000001A61E /* BTXPeerTableViewCell.h */ = {isa = PBXFileReference; fileEncoding = 4; lastKnownFileType = sourcecode.c.h; path = BTXPeerTableViewCell.h; sourceTree = "<group>"; };
		869D8A4F19A920000001A61E /* BTXPeerTableViewCell.m */ = {isa = PBXFileReference; fileEncoding = 4; lastKnownFileType = sourcecode.c.objc; path = BTXPeerTableViewCell.m; sourceTree = "<group>"; };
		869D8A5019A920000001A61E /* BTXPeerTableViewCell.xib */ = {isa = PBXFileReference; fileEncoding = 4; lastKnownFileType = file.xib; path = BTXPeerTableViewCell.xib; sourceTree = "<group>"; };
		869D8A5319A941980001A61E /* BTXTabBarViewController.h */ = {isa = PBXFileReference; fileEncoding = 4; lastKnownFileType = sourcecode.c.h; path = BTXTabBarViewController.h; sourceTree = "<group>"; };
		869D8A5419A941980001A61E /* BTXTabBarViewController.m */ = {isa = PBXFileReference; fileEncoding = 4; lastKnownFileType = sourcecode.c.objc; path = BTXTabBarViewController.m; sourceTree = "<group>"; };
		86A75BDF19859333003178EF /* BlueTeeth.app */ = {isa = PBXFileReference; explicitFileType = wrapper.application; includeInIndex = 0; path = BlueTeeth.app; sourceTree = BUILT_PRODUCTS_DIR; };
		86A75BE219859333003178EF /* Foundation.framework */ = {isa = PBXFileReference; lastKnownFileType = wrapper.framework; name = Foundation.framework; path = System/Library/Frameworks/Foundation.framework; sourceTree = SDKROOT; };
		86A75BE419859333003178EF /* CoreGraphics.framework */ = {isa = PBXFileReference; lastKnownFileType = wrapper.framework; name = CoreGraphics.framework; path = System/Library/Frameworks/CoreGraphics.framework; sourceTree = SDKROOT; };
		86A75BE619859333003178EF /* UIKit.framework */ = {isa = PBXFileReference; lastKnownFileType = wrapper.framework; name = UIKit.framework; path = System/Library/Frameworks/UIKit.framework; sourceTree = SDKROOT; };
		86A75BEA19859333003178EF /* BlueTeeth-Info.plist */ = {isa = PBXFileReference; lastKnownFileType = text.plist.xml; path = "BlueTeeth-Info.plist"; sourceTree = "<group>"; };
		86A75BEC19859333003178EF /* en */ = {isa = PBXFileReference; lastKnownFileType = text.plist.strings; name = en; path = en.lproj/InfoPlist.strings; sourceTree = "<group>"; };
		86A75BEE19859333003178EF /* main.m */ = {isa = PBXFileReference; lastKnownFileType = sourcecode.c.objc; path = main.m; sourceTree = "<group>"; };
		86A75BF019859333003178EF /* BlueTeeth-Prefix.pch */ = {isa = PBXFileReference; lastKnownFileType = sourcecode.c.h; path = "BlueTeeth-Prefix.pch"; sourceTree = "<group>"; };
		86A75BF119859333003178EF /* BTXAppDelegate.h */ = {isa = PBXFileReference; lastKnownFileType = sourcecode.c.h; path = BTXAppDelegate.h; sourceTree = "<group>"; };
		86A75BF219859333003178EF /* BTXAppDelegate.m */ = {isa = PBXFileReference; lastKnownFileType = sourcecode.c.objc; path = BTXAppDelegate.m; sourceTree = "<group>"; };
		86A75BF519859333003178EF /* Base */ = {isa = PBXFileReference; lastKnownFileType = file.storyboard; name = Base; path = Base.lproj/Main.storyboard; sourceTree = "<group>"; };
		86A75BF719859333003178EF /* BTXViewController.h */ = {isa = PBXFileReference; lastKnownFileType = sourcecode.c.h; path = BTXViewController.h; sourceTree = "<group>"; };
		86A75BF819859333003178EF /* BTXViewController.m */ = {isa = PBXFileReference; lastKnownFileType = sourcecode.c.objc; path = BTXViewController.m; sourceTree = "<group>"; };
		86A75BFA19859333003178EF /* Images.xcassets */ = {isa = PBXFileReference; lastKnownFileType = folder.assetcatalog; path = Images.xcassets; sourceTree = "<group>"; };
		86A75C0019859333003178EF /* BlueTeethTests.xctest */ = {isa = PBXFileReference; explicitFileType = wrapper.cfbundle; includeInIndex = 0; path = BlueTeethTests.xctest; sourceTree = BUILT_PRODUCTS_DIR; };
		86A75C0119859333003178EF /* XCTest.framework */ = {isa = PBXFileReference; lastKnownFileType = wrapper.framework; name = XCTest.framework; path = Library/Frameworks/XCTest.framework; sourceTree = DEVELOPER_DIR; };
		86A75C0919859333003178EF /* BlueTeethTests-Info.plist */ = {isa = PBXFileReference; lastKnownFileType = text.plist.xml; path = "BlueTeethTests-Info.plist"; sourceTree = "<group>"; };
		86A75C0B19859333003178EF /* en */ = {isa = PBXFileReference; lastKnownFileType = text.plist.strings; name = en; path = en.lproj/InfoPlist.strings; sourceTree = "<group>"; };
		86A75C0D19859333003178EF /* BlueTeethTests.m */ = {isa = PBXFileReference; lastKnownFileType = sourcecode.c.objc; path = BlueTeethTests.m; sourceTree = "<group>"; };
		86A75CA0198594C6003178EF /* BTXPeripheralManager.h */ = {isa = PBXFileReference; fileEncoding = 4; lastKnownFileType = sourcecode.c.h; name = BTXPeripheralManager.h; path = BlueTeeth/BTXPeripheralManager.h; sourceTree = "<group>"; };
		86A75CA1198594C6003178EF /* BTXPeripheralManager.m */ = {isa = PBXFileReference; fileEncoding = 4; lastKnownFileType = sourcecode.c.objc; name = BTXPeripheralManager.m; path = BlueTeeth/BTXPeripheralManager.m; sourceTree = "<group>"; };
		86A75CA3198596EC003178EF /* BTXCentralManager.h */ = {isa = PBXFileReference; fileEncoding = 4; lastKnownFileType = sourcecode.c.h; name = BTXCentralManager.h; path = BlueTeeth/BTXCentralManager.h; sourceTree = "<group>"; };
		86A75CA4198596EC003178EF /* BTXCentralManager.m */ = {isa = PBXFileReference; fileEncoding = 4; lastKnownFileType = sourcecode.c.objc; name = BTXCentralManager.m; path = BlueTeeth/BTXCentralManager.m; sourceTree = "<group>"; };
		86A75CA7198597A2003178EF /* BTXShared.h */ = {isa = PBXFileReference; fileEncoding = 4; lastKnownFileType = sourcecode.c.h; path = BTXShared.h; sourceTree = "<group>"; };
		86A75CAA1985C0DC003178EF /* BTXClientServer.h */ = {isa = PBXFileReference; fileEncoding = 4; lastKnownFileType = sourcecode.c.h; path = BTXClientServer.h; sourceTree = "<group>"; };
		86A75CAB1985C0DC003178EF /* BTXClientServer.m */ = {isa = PBXFileReference; fileEncoding = 4; lastKnownFileType = sourcecode.c.objc; path = BTXClientServer.m; sourceTree = "<group>"; };
		86B705631991BA8300ED0B0E /* BTXGroupedBroadcastBuffer.h */ = {isa = PBXFileReference; fileEncoding = 4; lastKnownFileType = sourcecode.c.h; path = BTXGroupedBroadcastBuffer.h; sourceTree = "<group>"; };
		86B705641991BA8300ED0B0E /* BTXGroupedBroadcastBuffer.m */ = {isa = PBXFileReference; fileEncoding = 4; lastKnownFileType = sourcecode.c.objc; path = BTXGroupedBroadcastBuffer.m; sourceTree = "<group>"; };
		86DC9046198DC1E500086DA8 /* BTXNode.h */ = {isa = PBXFileReference; fileEncoding = 4; lastKnownFileType = sourcecode.c.h; path = BTXNode.h; sourceTree = "<group>"; };
		86DC9047198DC1E500086DA8 /* BTXNode.m */ = {isa = PBXFileReference; fileEncoding = 4; lastKnownFileType = sourcecode.c.objc; path = BTXNode.m; sourceTree = "<group>"; };
		86DC9049198DC4A200086DA8 /* BTXMeshClient.h */ = {isa = PBXFileReference; fileEncoding = 4; lastKnownFileType = sourcecode.c.h; path = BTXMeshClient.h; sourceTree = "<group>"; };
		86DC904A198DC4A200086DA8 /* BTXMeshClient.m */ = {isa = PBXFileReference; fileEncoding = 4; lastKnownFileType = sourcecode.c.objc; path = BTXMeshClient.m; sourceTree = "<group>"; };
		86DC904C198DD84A00086DA8 /* BTXPayload.h */ = {isa = PBXFileReference; fileEncoding = 4; lastKnownFileType = sourcecode.c.h; path = BTXPayload.h; sourceTree = "<group>"; };
		86DC904D198DD84A00086DA8 /* BTXPayload.m */ = {isa = PBXFileReference; fileEncoding = 4; lastKnownFileType = sourcecode.c.objc; path = BTXPayload.m; sourceTree = "<group>"; };
		86EC899D19972D7900CE3BE6 /* BTXPCDelegate.h */ = {isa = PBXFileReference; fileEncoding = 4; lastKnownFileType = sourcecode.c.h; path = BTXPCDelegate.h; sourceTree = "<group>"; };
		86F66F19199EE68600A74A00 /* BTXChatViewController.h */ = {isa = PBXFileReference; fileEncoding = 4; lastKnownFileType = sourcecode.c.h; path = BTXChatViewController.h; sourceTree = "<group>"; };
		86F66F1A199EE68600A74A00 /* BTXChatViewController.m */ = {isa = PBXFileReference; fileEncoding = 4; lastKnownFileType = sourcecode.c.objc; path = BTXChatViewController.m; sourceTree = "<group>"; };
		8EE38F24608C4CB8BA956339 /* libPods-BlueTeeth.a */ = {isa = PBXFileReference; explicitFileType = archive.ar; includeInIndex = 0; path = "libPods-BlueTeeth.a"; sourceTree = BUILT_PRODUCTS_DIR; };
/* End PBXFileReference section */

/* Begin PBXFrameworksBuildPhase section */
		86A75BDC19859333003178EF /* Frameworks */ = {
			isa = PBXFrameworksBuildPhase;
			buildActionMask = 2147483647;
			files = (
				86A75BE519859333003178EF /* CoreGraphics.framework in Frameworks */,
				86A75BE719859333003178EF /* UIKit.framework in Frameworks */,
				86A75BE319859333003178EF /* Foundation.framework in Frameworks */,
				9B5B21EECC1B42F4988FE7DA /* libPods-BlueTeeth.a in Frameworks */,
			);
			runOnlyForDeploymentPostprocessing = 0;
		};
		86A75BFD19859333003178EF /* Frameworks */ = {
			isa = PBXFrameworksBuildPhase;
			buildActionMask = 2147483647;
			files = (
				86A75C0219859333003178EF /* XCTest.framework in Frameworks */,
				86A75C0419859333003178EF /* UIKit.framework in Frameworks */,
				86A75C0319859333003178EF /* Foundation.framework in Frameworks */,
			);
			runOnlyForDeploymentPostprocessing = 0;
		};
/* End PBXFrameworksBuildPhase section */

/* Begin PBXGroup section */
		86A75BD619859333003178EF = {
			isa = PBXGroup;
			children = (
				86A75CA61985977E003178EF /* BTX */,
				86F66F13199EE45B00A74A00 /* Views */,
				86A75BE819859333003178EF /* BlueTeeth */,
				86A75C0719859333003178EF /* BlueTeethTests */,
				86A75BE119859333003178EF /* Frameworks */,
				86A75BE019859333003178EF /* Products */,
				16EA922D3C564B72B828AA14 /* Pods-BlueTeeth.xcconfig */,
			);
			sourceTree = "<group>";
		};
		86A75BE019859333003178EF /* Products */ = {
			isa = PBXGroup;
			children = (
				86A75BDF19859333003178EF /* BlueTeeth.app */,
				86A75C0019859333003178EF /* BlueTeethTests.xctest */,
			);
			name = Products;
			sourceTree = "<group>";
		};
		86A75BE119859333003178EF /* Frameworks */ = {
			isa = PBXGroup;
			children = (
				86A75BE219859333003178EF /* Foundation.framework */,
				86A75BE419859333003178EF /* CoreGraphics.framework */,
				86A75BE619859333003178EF /* UIKit.framework */,
				86A75C0119859333003178EF /* XCTest.framework */,
				8EE38F24608C4CB8BA956339 /* libPods-BlueTeeth.a */,
			);
			name = Frameworks;
			sourceTree = "<group>";
		};
		86A75BE819859333003178EF /* BlueTeeth */ = {
			isa = PBXGroup;
			children = (
				86A75BF119859333003178EF /* BTXAppDelegate.h */,
				86A75BF219859333003178EF /* BTXAppDelegate.m */,
				86A75BF419859333003178EF /* Main.storyboard */,
				86A75BF719859333003178EF /* BTXViewController.h */,
				86A75BF819859333003178EF /* BTXViewController.m */,
				86A75BFA19859333003178EF /* Images.xcassets */,
				86A75BE919859333003178EF /* Supporting Files */,
			);
			path = BlueTeeth;
			sourceTree = "<group>";
		};
		86A75BE919859333003178EF /* Supporting Files */ = {
			isa = PBXGroup;
			children = (
				86A75BEA19859333003178EF /* BlueTeeth-Info.plist */,
				86A75BEB19859333003178EF /* InfoPlist.strings */,
				86A75BEE19859333003178EF /* main.m */,
				86A75BF019859333003178EF /* BlueTeeth-Prefix.pch */,
			);
			name = "Supporting Files";
			sourceTree = "<group>";
		};
		86A75C0719859333003178EF /* BlueTeethTests */ = {
			isa = PBXGroup;
			children = (
				86A75C0D19859333003178EF /* BlueTeethTests.m */,
				86A75C0819859333003178EF /* Supporting Files */,
			);
			path = BlueTeethTests;
			sourceTree = "<group>";
		};
		86A75C0819859333003178EF /* Supporting Files */ = {
			isa = PBXGroup;
			children = (
				86A75C0919859333003178EF /* BlueTeethTests-Info.plist */,
				86A75C0A19859333003178EF /* InfoPlist.strings */,
			);
			name = "Supporting Files";
			sourceTree = "<group>";
		};
		86A75CA61985977E003178EF /* BTX */ = {
			isa = PBXGroup;
			children = (
				86A75CA0198594C6003178EF /* BTXPeripheralManager.h */,
				86A75CA1198594C6003178EF /* BTXPeripheralManager.m */,
				86A75CA3198596EC003178EF /* BTXCentralManager.h */,
				86A75CA4198596EC003178EF /* BTXCentralManager.m */,
				86A75CA7198597A2003178EF /* BTXShared.h */,
				86A75CAA1985C0DC003178EF /* BTXClientServer.h */,
				86A75CAB1985C0DC003178EF /* BTXClientServer.m */,
				86DC9046198DC1E500086DA8 /* BTXNode.h */,
				86DC9047198DC1E500086DA8 /* BTXNode.m */,
				86DC9049198DC4A200086DA8 /* BTXMeshClient.h */,
				86DC904A198DC4A200086DA8 /* BTXMeshClient.m */,
				86DC904C198DD84A00086DA8 /* BTXPayload.h */,
				86DC904D198DD84A00086DA8 /* BTXPayload.m */,
				86630ACC19A99B3800C251F8 /* BTXPayloadWrapper.h */,
				86630ACD19A99B3800C251F8 /* BTXPayloadWrapper.m */,
				861A1B3C199072790003B5DC /* BTXBroadcastBuffer.h */,
				861A1B3D199072790003B5DC /* BTXBroadcastBuffer.m */,
				86B705631991BA8300ED0B0E /* BTXGroupedBroadcastBuffer.h */,
				86B705641991BA8300ED0B0E /* BTXGroupedBroadcastBuffer.m */,
				861CD5551997CB5000730F50 /* BTXReceiveBuffer.h */,
				861CD5561997CB5000730F50 /* BTXReceiveBuffer.m */,
				86EC899D19972D7900CE3BE6 /* BTXPCDelegate.h */,
				861CD55B1997D2ED00730F50 /* BTXCSDelegate.h */,
				86151CBC199C480600D7E635 /* BTXPayloadType.h */,
				8628105919A41EAE0025245E /* BTXMeshDelegate.h */,
			);
			name = BTX;
			sourceTree = "<group>";
		};
		86F66F13199EE45B00A74A00 /* Views */ = {
			isa = PBXGroup;
			children = (
				86F66F19199EE68600A74A00 /* BTXChatViewController.h */,
				86F66F1A199EE68600A74A00 /* BTXChatViewController.m */,
				863A55DA19A56A6700E697EA /* BTXChannelTableViewController.h */,
				863A55DB19A56A6700E697EA /* BTXChannelTableViewController.m */,
				863A55DD19A56E1400E697EA /* BTXNavigationController.h */,
				863A55DE19A56E1400E697EA /* BTXNavigationController.m */,
				863A55E019A5712100E697EA /* BTXProfileViewController.h */,
				863A55E119A5712100E697EA /* BTXProfileViewController.m */,
				869D8A4E19A920000001A61E /* BTXPeerTableViewCell.h */,
				869D8A4F19A920000001A61E /* BTXPeerTableViewCell.m */,
				869D8A5019A920000001A61E /* BTXPeerTableViewCell.xib */,
				869D8A5319A941980001A61E /* BTXTabBarViewController.h */,
				869D8A5419A941980001A61E /* BTXTabBarViewController.m */,
			);
			name = Views;
			sourceTree = "<group>";
		};
/* End PBXGroup section */

/* Begin PBXNativeTarget section */
		86A75BDE19859333003178EF /* BlueTeeth */ = {
			isa = PBXNativeTarget;
			buildConfigurationList = 86A75C1119859333003178EF /* Build configuration list for PBXNativeTarget "BlueTeeth" */;
			buildPhases = (
				D0F9685C1D164E14A7E12F61 /* Check Pods Manifest.lock */,
				86A75BDB19859333003178EF /* Sources */,
				86A75BDC19859333003178EF /* Frameworks */,
				86A75BDD19859333003178EF /* Resources */,
				A185EA3361BE4A9F92617DCC /* Copy Pods Resources */,
			);
			buildRules = (
			);
			dependencies = (
			);
			name = BlueTeeth;
			productName = BlueTeeth;
			productReference = 86A75BDF19859333003178EF /* BlueTeeth.app */;
			productType = "com.apple.product-type.application";
		};
		86A75BFF19859333003178EF /* BlueTeethTests */ = {
			isa = PBXNativeTarget;
			buildConfigurationList = 86A75C1419859333003178EF /* Build configuration list for PBXNativeTarget "BlueTeethTests" */;
			buildPhases = (
				86A75BFC19859333003178EF /* Sources */,
				86A75BFD19859333003178EF /* Frameworks */,
				86A75BFE19859333003178EF /* Resources */,
			);
			buildRules = (
			);
			dependencies = (
				86A75C0619859333003178EF /* PBXTargetDependency */,
			);
			name = BlueTeethTests;
			productName = BlueTeethTests;
			productReference = 86A75C0019859333003178EF /* BlueTeethTests.xctest */;
			productType = "com.apple.product-type.bundle.unit-test";
		};
/* End PBXNativeTarget section */

/* Begin PBXProject section */
		86A75BD719859333003178EF /* Project object */ = {
			isa = PBXProject;
			attributes = {
				CLASSPREFIX = BTX;
				LastUpgradeCheck = 0510;
				ORGANIZATIONNAME = sefbkn;
				TargetAttributes = {
					86A75BDE19859333003178EF = {
						SystemCapabilities = {
							com.apple.BackgroundModes = {
								enabled = 1;
							};
						};
					};
					86A75BFF19859333003178EF = {
						TestTargetID = 86A75BDE19859333003178EF;
					};
				};
			};
			buildConfigurationList = 86A75BDA19859333003178EF /* Build configuration list for PBXProject "BlueTeeth" */;
			compatibilityVersion = "Xcode 3.2";
			developmentRegion = English;
			hasScannedForEncodings = 0;
			knownRegions = (
				en,
				Base,
			);
			mainGroup = 86A75BD619859333003178EF;
			productRefGroup = 86A75BE019859333003178EF /* Products */;
			projectDirPath = "";
			projectRoot = "";
			targets = (
				86A75BDE19859333003178EF /* BlueTeeth */,
				86A75BFF19859333003178EF /* BlueTeethTests */,
			);
		};
/* End PBXProject section */

/* Begin PBXResourcesBuildPhase section */
		86A75BDD19859333003178EF /* Resources */ = {
			isa = PBXResourcesBuildPhase;
			buildActionMask = 2147483647;
			files = (
				86A75BFB19859333003178EF /* Images.xcassets in Resources */,
				86A75BED19859333003178EF /* InfoPlist.strings in Resources */,
				869D8A5219A920000001A61E /* BTXPeerTableViewCell.xib in Resources */,
				86A75BF619859333003178EF /* Main.storyboard in Resources */,
			);
			runOnlyForDeploymentPostprocessing = 0;
		};
		86A75BFE19859333003178EF /* Resources */ = {
			isa = PBXResourcesBuildPhase;
			buildActionMask = 2147483647;
			files = (
				86A75C0C19859333003178EF /* InfoPlist.strings in Resources */,
			);
			runOnlyForDeploymentPostprocessing = 0;
		};
/* End PBXResourcesBuildPhase section */

/* Begin PBXShellScriptBuildPhase section */
		A185EA3361BE4A9F92617DCC /* Copy Pods Resources */ = {
			isa = PBXShellScriptBuildPhase;
			buildActionMask = 2147483647;
			files = (
			);
			inputPaths = (
			);
			name = "Copy Pods Resources";
			outputPaths = (
			);
			runOnlyForDeploymentPostprocessing = 0;
			shellPath = /bin/sh;
			shellScript = "\"${SRCROOT}/Pods/Pods-BlueTeeth-resources.sh\"\n";
			showEnvVarsInLog = 0;
		};
		D0F9685C1D164E14A7E12F61 /* Check Pods Manifest.lock */ = {
			isa = PBXShellScriptBuildPhase;
			buildActionMask = 2147483647;
			files = (
			);
			inputPaths = (
			);
			name = "Check Pods Manifest.lock";
			outputPaths = (
			);
			runOnlyForDeploymentPostprocessing = 0;
			shellPath = /bin/sh;
			shellScript = "diff \"${PODS_ROOT}/../Podfile.lock\" \"${PODS_ROOT}/Manifest.lock\" > /dev/null\nif [[ $? != 0 ]] ; then\n    cat << EOM\nerror: The sandbox is not in sync with the Podfile.lock. Run 'pod install' or update your CocoaPods installation.\nEOM\n    exit 1\nfi\n";
			showEnvVarsInLog = 0;
		};
/* End PBXShellScriptBuildPhase section */

/* Begin PBXSourcesBuildPhase section */
		86A75BDB19859333003178EF /* Sources */ = {
			isa = PBXSourcesBuildPhase;
			buildActionMask = 2147483647;
			files = (
				86A75CA2198594C6003178EF /* BTXPeripheralManager.m in Sources */,
				86A75CA5198596EC003178EF /* BTXCentralManager.m in Sources */,
				86DC904B198DC4A200086DA8 /* BTXMeshClient.m in Sources */,
				863A55E219A5712100E697EA /* BTXProfileViewController.m in Sources */,
				863A55DF19A56E1400E697EA /* BTXNavigationController.m in Sources */,
				86A75BEF19859333003178EF /* main.m in Sources */,
				86A75BF919859333003178EF /* BTXViewController.m in Sources */,
				861A1B3E199072790003B5DC /* BTXBroadcastBuffer.m in Sources */,
				86630ACE19A99B3800C251F8 /* BTXPayloadWrapper.m in Sources */,
				861CD5571997CB5000730F50 /* BTXReceiveBuffer.m in Sources */,
				86A75CAC1985C0DC003178EF /* BTXClientServer.m in Sources */,
				86DC9048198DC1E500086DA8 /* BTXNode.m in Sources */,
				869D8A5519A941980001A61E /* BTXTabBarViewController.m in Sources */,
				86DC904E198DD84A00086DA8 /* BTXPayload.m in Sources */,
				86A75BF319859333003178EF /* BTXAppDelegate.m in Sources */,
				86B705651991BA8300ED0B0E /* BTXGroupedBroadcastBuffer.m in Sources */,
				863A55DC19A56A6700E697EA /* BTXChannelTableViewController.m in Sources */,
				86F66F1B199EE68600A74A00 /* BTXChatViewController.m in Sources */,
				869D8A5119A920000001A61E /* BTXPeerTableViewCell.m in Sources */,
			);
			runOnlyForDeploymentPostprocessing = 0;
		};
		86A75BFC19859333003178EF /* Sources */ = {
			isa = PBXSourcesBuildPhase;
			buildActionMask = 2147483647;
			files = (
				86A75C0E19859333003178EF /* BlueTeethTests.m in Sources */,
			);
			runOnlyForDeploymentPostprocessing = 0;
		};
/* End PBXSourcesBuildPhase section */

/* Begin PBXTargetDependency section */
		86A75C0619859333003178EF /* PBXTargetDependency */ = {
			isa = PBXTargetDependency;
			target = 86A75BDE19859333003178EF /* BlueTeeth */;
			targetProxy = 86A75C0519859333003178EF /* PBXContainerItemProxy */;
		};
/* End PBXTargetDependency section */

/* Begin PBXVariantGroup section */
		86A75BEB19859333003178EF /* InfoPlist.strings */ = {
			isa = PBXVariantGroup;
			children = (
				86A75BEC19859333003178EF /* en */,
			);
			name = InfoPlist.strings;
			sourceTree = "<group>";
		};
		86A75BF419859333003178EF /* Main.storyboard */ = {
			isa = PBXVariantGroup;
			children = (
				86A75BF519859333003178EF /* Base */,
			);
			name = Main.storyboard;
			sourceTree = "<group>";
		};
		86A75C0A19859333003178EF /* InfoPlist.strings */ = {
			isa = PBXVariantGroup;
			children = (
				86A75C0B19859333003178EF /* en */,
			);
			name = InfoPlist.strings;
			sourceTree = "<group>";
		};
/* End PBXVariantGroup section */

/* Begin XCBuildConfiguration section */
		86A75C0F19859333003178EF /* Debug */ = {
			isa = XCBuildConfiguration;
			buildSettings = {
				ALWAYS_SEARCH_USER_PATHS = NO;
				CLANG_CXX_LANGUAGE_STANDARD = "gnu++0x";
				CLANG_CXX_LIBRARY = "libc++";
				CLANG_ENABLE_MODULES = YES;
				CLANG_ENABLE_OBJC_ARC = YES;
				CLANG_WARN_BOOL_CONVERSION = YES;
				CLANG_WARN_CONSTANT_CONVERSION = YES;
				CLANG_WARN_DIRECT_OBJC_ISA_USAGE = YES_ERROR;
				CLANG_WARN_EMPTY_BODY = YES;
				CLANG_WARN_ENUM_CONVERSION = YES;
				CLANG_WARN_INT_CONVERSION = YES;
				CLANG_WARN_OBJC_ROOT_CLASS = YES_ERROR;
				CLANG_WARN__DUPLICATE_METHOD_MATCH = YES;
				"CODE_SIGN_IDENTITY[sdk=iphoneos*]" = "iPhone Developer";
				COPY_PHASE_STRIP = NO;
				GCC_C_LANGUAGE_STANDARD = gnu99;
				GCC_DYNAMIC_NO_PIC = NO;
				GCC_OPTIMIZATION_LEVEL = 0;
				GCC_PREPROCESSOR_DEFINITIONS = (
					"DEBUG=1",
					"$(inherited)",
				);
				GCC_SYMBOLS_PRIVATE_EXTERN = NO;
				GCC_WARN_64_TO_32_BIT_CONVERSION = YES;
				GCC_WARN_ABOUT_RETURN_TYPE = YES_ERROR;
				GCC_WARN_UNDECLARED_SELECTOR = YES;
				GCC_WARN_UNINITIALIZED_AUTOS = YES_AGGRESSIVE;
				GCC_WARN_UNUSED_FUNCTION = YES;
				GCC_WARN_UNUSED_VARIABLE = YES;
				IPHONEOS_DEPLOYMENT_TARGET = 7.1;
				ONLY_ACTIVE_ARCH = YES;
				SDKROOT = iphoneos;
			};
			name = Debug;
		};
		86A75C1019859333003178EF /* Release */ = {
			isa = XCBuildConfiguration;
			buildSettings = {
				ALWAYS_SEARCH_USER_PATHS = NO;
				CLANG_CXX_LANGUAGE_STANDARD = "gnu++0x";
				CLANG_CXX_LIBRARY = "libc++";
				CLANG_ENABLE_MODULES = YES;
				CLANG_ENABLE_OBJC_ARC = YES;
				CLANG_WARN_BOOL_CONVERSION = YES;
				CLANG_WARN_CONSTANT_CONVERSION = YES;
				CLANG_WARN_DIRECT_OBJC_ISA_USAGE = YES_ERROR;
				CLANG_WARN_EMPTY_BODY = YES;
				CLANG_WARN_ENUM_CONVERSION = YES;
				CLANG_WARN_INT_CONVERSION = YES;
				CLANG_WARN_OBJC_ROOT_CLASS = YES_ERROR;
				CLANG_WARN__DUPLICATE_METHOD_MATCH = YES;
				"CODE_SIGN_IDENTITY[sdk=iphoneos*]" = "iPhone Developer";
				COPY_PHASE_STRIP = YES;
				ENABLE_NS_ASSERTIONS = NO;
				GCC_C_LANGUAGE_STANDARD = gnu99;
				GCC_WARN_64_TO_32_BIT_CONVERSION = YES;
				GCC_WARN_ABOUT_RETURN_TYPE = YES_ERROR;
				GCC_WARN_UNDECLARED_SELECTOR = YES;
				GCC_WARN_UNINITIALIZED_AUTOS = YES_AGGRESSIVE;
				GCC_WARN_UNUSED_FUNCTION = YES;
				GCC_WARN_UNUSED_VARIABLE = YES;
				IPHONEOS_DEPLOYMENT_TARGET = 7.1;
				SDKROOT = iphoneos;
				VALIDATE_PRODUCT = YES;
			};
			name = Release;
		};
		86A75C1219859333003178EF /* Debug */ = {
			isa = XCBuildConfiguration;
			baseConfigurationReference = 16EA922D3C564B72B828AA14 /* Pods-BlueTeeth.xcconfig */;
			buildSettings = {
				ASSETCATALOG_COMPILER_APPICON_NAME = AppIcon;
				ASSETCATALOG_COMPILER_LAUNCHIMAGE_NAME = LaunchImage;
				GCC_PRECOMPILE_PREFIX_HEADER = YES;
				GCC_PREFIX_HEADER = "BlueTeeth/BlueTeeth-Prefix.pch";
				INFOPLIST_FILE = "BlueTeeth/BlueTeeth-Info.plist";
				PRODUCT_NAME = "$(TARGET_NAME)";
				WRAPPER_EXTENSION = app;
			};
			name = Debug;
		};
		86A75C1319859333003178EF /* Release */ = {
			isa = XCBuildConfiguration;
			baseConfigurationReference = 16EA922D3C564B72B828AA14 /* Pods-BlueTeeth.xcconfig */;
			buildSettings = {
				ASSETCATALOG_COMPILER_APPICON_NAME = AppIcon;
				ASSETCATALOG_COMPILER_LAUNCHIMAGE_NAME = LaunchImage;
				GCC_PRECOMPILE_PREFIX_HEADER = YES;
				GCC_PREFIX_HEADER = "BlueTeeth/BlueTeeth-Prefix.pch";
				INFOPLIST_FILE = "BlueTeeth/BlueTeeth-Info.plist";
				PRODUCT_NAME = "$(TARGET_NAME)";
				WRAPPER_EXTENSION = app;
			};
			name = Release;
		};
		86A75C1519859333003178EF /* Debug */ = {
			isa = XCBuildConfiguration;
			buildSettings = {
				BUNDLE_LOADER = "$(BUILT_PRODUCTS_DIR)/BlueTeeth.app/BlueTeeth";
				FRAMEWORK_SEARCH_PATHS = (
					"$(SDKROOT)/Developer/Library/Frameworks",
					"$(inherited)",
					"$(DEVELOPER_FRAMEWORKS_DIR)",
				);
				GCC_PRECOMPILE_PREFIX_HEADER = YES;
				GCC_PREFIX_HEADER = "BlueTeeth/BlueTeeth-Prefix.pch";
				GCC_PREPROCESSOR_DEFINITIONS = (
					"DEBUG=1",
					"$(inherited)",
				);
				INFOPLIST_FILE = "BlueTeethTests/BlueTeethTests-Info.plist";
				PRODUCT_NAME = "$(TARGET_NAME)";
				TEST_HOST = "$(BUNDLE_LOADER)";
				WRAPPER_EXTENSION = xctest;
			};
			name = Debug;
		};
		86A75C1619859333003178EF /* Release */ = {
			isa = XCBuildConfiguration;
			buildSettings = {
				BUNDLE_LOADER = "$(BUILT_PRODUCTS_DIR)/BlueTeeth.app/BlueTeeth";
				FRAMEWORK_SEARCH_PATHS = (
					"$(SDKROOT)/Developer/Library/Frameworks",
					"$(inherited)",
					"$(DEVELOPER_FRAMEWORKS_DIR)",
				);
				GCC_PRECOMPILE_PREFIX_HEADER = YES;
				GCC_PREFIX_HEADER = "BlueTeeth/BlueTeeth-Prefix.pch";
				INFOPLIST_FILE = "BlueTeethTests/BlueTeethTests-Info.plist";
				PRODUCT_NAME = "$(TARGET_NAME)";
				TEST_HOST = "$(BUNDLE_LOADER)";
				WRAPPER_EXTENSION = xctest;
			};
			name = Release;
		};
/* End XCBuildConfiguration section */

/* Begin XCConfigurationList section */
		86A75BDA19859333003178EF /* Build configuration list for PBXProject "BlueTeeth" */ = {
			isa = XCConfigurationList;
			buildConfigurations = (
				86A75C0F19859333003178EF /* Debug */,
				86A75C1019859333003178EF /* Release */,
			);
			defaultConfigurationIsVisible = 0;
			defaultConfigurationName = Release;
		};
		86A75C1119859333003178EF /* Build configuration list for PBXNativeTarget "BlueTeeth" */ = {
			isa = XCConfigurationList;
			buildConfigurations = (
				86A75C1219859333003178EF /* Debug */,
				86A75C1319859333003178EF /* Release */,
			);
			defaultConfigurationIsVisible = 0;
			defaultConfigurationName = Release;
		};
		86A75C1419859333003178EF /* Build configuration list for PBXNativeTarget "BlueTeethTests" */ = {
			isa = XCConfigurationList;
			buildConfigurations = (
				86A75C1519859333003178EF /* Debug */,
				86A75C1619859333003178EF /* Release */,
			);
			defaultConfigurationIsVisible = 0;
			defaultConfigurationName = Release;
		};
/* End XCConfigurationList section */
	};
	rootObject = 86A75BD719859333003178EF /* Project object */;
}
